{
  "dependencies": {
    "chai": {
      "version": "1.9.0",
      "dependencies": {
        "assertion-error": {
          "version": "1.0.0"
        },
        "deep-eql": {
          "version": "0.1.3",
          "dependencies": {
            "type-detect": {
              "version": "0.1.1"
            }
          }
        }
      }
    },
    "mocha": {
      "version": "1.17.1",
      "dependencies": {
        "commander": {
          "version": "2.0.0"
        },
        "growl": {
          "version": "1.7.0"
        },
        "jade": {
          "version": "0.26.3",
          "dependencies": {
            "commander": {
              "version": "0.6.1"
            },
            "mkdirp": {
              "version": "0.3.0"
            }
          }
        },
        "diff": {
          "version": "1.0.7"
        },
        "debug": {
          "version": "0.7.4"
        },
        "mkdirp": {
          "version": "0.3.5"
        },
        "glob": {
          "version": "3.2.3",
          "dependencies": {
            "minimatch": {
              "version": "0.2.14",
              "dependencies": {
                "lru-cache": {
                  "version": "2.5.0"
                },
                "sigmund": {
                  "version": "1.0.0"
                }
              }
            },
            "graceful-fs": {
              "version": "2.0.2"
            },
            "inherits": {
              "version": "2.0.1"
            }
          }
        }
      }
    },
    "phantomjs": {
      "version": "1.9.7-5",
      "dependencies": {
        "adm-zip": {
          "version": "0.2.1"
        },
        "kew": {
          "version": "0.1.7"
        },
        "ncp": {
          "version": "0.4.2"
        },
        "npmconf": {
          "version": "0.0.24",
          "dependencies": {
            "config-chain": {
              "version": "1.1.8",
              "dependencies": {
                "proto-list": {
                  "version": "1.2.2"
                }
              }
            },
            "inherits": {
              "version": "1.0.0"
            },
            "once": {
              "version": "1.1.1"
            },
            "osenv": {
              "version": "0.0.3"
            },
            "nopt": {
              "version": "2.2.1",
              "dependencies": {
                "abbrev": {
                  "version": "1.0.5"
                }
              }
            },
            "semver": {
              "version": "1.1.4"
            },
            "ini": {
              "version": "1.1.0"
            }
          }
        },
        "mkdirp": {
          "version": "0.3.5"
        },
        "rimraf": {
          "version": "2.2.8"
        },
        "which": {
          "version": "1.0.5"
        }
      }
    }
  }
}
